
Microsoft Visual Studio Solution File, Format Version 12.00
# Visual Studio 15
VisualStudioVersion = 15.0.28307.1062
MinimumVisualStudioVersion = 10.0.40219.1
Project("{FAE04EC0-301F-11D3-BF4B-00C04F79EFBC}") = "App", "App\App.csproj", "{624B93BA-4165-4ED6-87E0-6A44C6774930}"
EndProject
Global
	GlobalSection(SolutionConfigurationPlatforms) = preSolution
		Debug|Any CPU = Debug|Any CPU
		Release|Any CPU = Release|Any CPU
	EndGlobalSection
	GlobalSection(ProjectConfigurationPlatforms) = postSolution
		{624B93BA-4165-4ED6-87E0-6A44C6774930}.Debug|Any CPU.ActiveCfg = Debug|Any CPU
		{624B93BA-4165-4ED6-87E0-6A44C6774930}.Debug|Any CPU.Build.0 = Debug|Any CPU
		{624B93BA-4165-4ED6-87E0-6A44C6774930}.Release|Any CPU.ActiveCfg = Release|Any CPU
		{624B93BA-4165-4ED6-87E0-6A44C6774930}.Release|Any CPU.Build.0 = Release|Any CPU
	EndGlobalSection
	GlobalSection(SolutionProperties) = preSolution
		HideSolutionNode = FALSE
	EndGlobalSection
	GlobalSection(ExtensibilityGlobals) = postSolution
		SolutionGuid = {04C477E8-8F95-4730-A471-CC3851AA2C9D}
	EndGlobalSection
EndGlobal
